
Microsoft Visual Studio Solution File, Format Version 12.00
# Visual Studio Version 17
VisualStudioVersion = 17.7.34202.233
MinimumVisualStudioVersion = 10.0.40219.1
Project("{FAE04EC0-301F-11D3-BF4B-00C04F79EFBC}") = "Screen Sound", "Screen Sound\Screen Sound.csproj", "{690CCF10-3737-4CDC-B422-12EE57A8FBC0}"
EndProject
Global
	GlobalSection(SolutionConfigurationPlatforms) = preSolution
		Debug|Any CPU = Debug|Any CPU
		Release|Any CPU = Release|Any CPU
	EndGlobalSection
	GlobalSection(ProjectConfigurationPlatforms) = postSolution
		{690CCF10-3737-4CDC-B422-12EE57A8FBC0}.Debug|Any CPU.ActiveCfg = Debug|Any CPU
		{690CCF10-3737-4CDC-B422-12EE57A8FBC0}.Debug|Any CPU.Build.0 = Debug|Any CPU
		{690CCF10-3737-4CDC-B422-12EE57A8FBC0}.Release|Any CPU.ActiveCfg = Release|Any CPU
		{690CCF10-3737-4CDC-B422-12EE57A8FBC0}.Release|Any CPU.Build.0 = Release|Any CPU
	EndGlobalSection
	GlobalSection(SolutionProperties) = preSolution
		HideSolutionNode = FALSE
	EndGlobalSection
	GlobalSection(ExtensibilityGlobals) = postSolution
		SolutionGuid = {D5AC5B65-E7DE-4617-BED5-E9ED6327F5E5}
	EndGlobalSection
EndGlobal
